
Microsoft Visual Studio Solution File, Format Version 12.00
# Visual Studio 15
VisualStudioVersion = 15.0.26430.6
MinimumVisualStudioVersion = 10.0.40219.1
Project("{D954291E-2A0B-460D-934E-DC6B0785DB48}") = "docfx", "docfx\docfx.shproj", "{F41366FC-055E-423B-9228-7A183F0F6854}"
EndProject
Global
	GlobalSection(SharedMSBuildProjectFiles) = preSolution
		docfx\docfx.projitems*{f41366fc-055e-423b-9228-7a183f0f6854}*SharedItemsImports = 13
	EndGlobalSection
	GlobalSection(SolutionProperties) = preSolution
		HideSolutionNode = FALSE
	EndGlobalSection
EndGlobal
