
Microsoft Visual Studio Solution File, Format Version 12.00
# Visual Studio 14
VisualStudioVersion = 14.0.25123.0
MinimumVisualStudioVersion = 10.0.40219.1
Project("{2150E333-8FDC-42A3-9474-1A3956D46DE8}") = "Solution Items", "Solution Items", "{699EEBB0-156D-483E-A05A-FAF990B0BE36}"
	ProjectSection(SolutionItems) = preProject
		LinqStatistics.vsmdi = LinqStatistics.vsmdi
		LocalTestRun.testrunconfig = LocalTestRun.testrunconfig
		PackageInfo.cs = PackageInfo.cs
	EndProjectSection
EndProject
Project("{FAE04EC0-301F-11D3-BF4B-00C04F79EFBC}") = "LinqStatistics", "LinqStatistics\LinqStatistics.csproj", "{FA474C99-3F49-493F-8F18-D0EE98961595}"
EndProject
Project("{FAE04EC0-301F-11D3-BF4B-00C04F79EFBC}") = "LinqStatisticsTests", "LinqStatisticsTests\LinqStatisticsTests.csproj", "{394BAB08-076A-4290-92C4-63531E2BF87E}"
EndProject
Project("{FAE04EC0-301F-11D3-BF4B-00C04F79EFBC}") = "ConsoleApplication1", "ConsoleApplication1\ConsoleApplication1.csproj", "{9EFCB775-B429-4EF3-9813-B9539D94A230}"
EndProject
Project("{2150E333-8FDC-42A3-9474-1A3956D46DE8}") = "NuGet", "NuGet", "{47E5B368-4238-4B16-9798-5AF5A094A987}"
EndProject
Project("{FAE04EC0-301F-11D3-BF4B-00C04F79EFBC}") = "LinqStatistics.Packager", "LinqStatistics.Packager\LinqStatistics.Packager.csproj", "{0451BAEF-DF2E-4B98-8644-94EE9415E389}"
EndProject
Project("{FAE04EC0-301F-11D3-BF4B-00C04F79EFBC}") = "LinqStatistics.Portable", "LinqStatistics.Portable\LinqStatistics.Portable.csproj", "{BD1DE502-8AA8-4041-971F-2D313E06609B}"
	ProjectSection(ProjectDependencies) = postProject
		{FA474C99-3F49-493F-8F18-D0EE98961595} = {FA474C99-3F49-493F-8F18-D0EE98961595}
	EndProjectSection
EndProject
Global
	GlobalSection(SolutionConfigurationPlatforms) = preSolution
		Debug|Any CPU = Debug|Any CPU
		Release|Any CPU = Release|Any CPU
	EndGlobalSection
	GlobalSection(ProjectConfigurationPlatforms) = postSolution
		{FA474C99-3F49-493F-8F18-D0EE98961595}.Debug|Any CPU.ActiveCfg = Debug|Any CPU
		{FA474C99-3F49-493F-8F18-D0EE98961595}.Debug|Any CPU.Build.0 = Debug|Any CPU
		{FA474C99-3F49-493F-8F18-D0EE98961595}.Release|Any CPU.ActiveCfg = Release|Any CPU
		{FA474C99-3F49-493F-8F18-D0EE98961595}.Release|Any CPU.Build.0 = Release|Any CPU
		{394BAB08-076A-4290-92C4-63531E2BF87E}.Debug|Any CPU.ActiveCfg = Debug|Any CPU
		{394BAB08-076A-4290-92C4-63531E2BF87E}.Debug|Any CPU.Build.0 = Debug|Any CPU
		{394BAB08-076A-4290-92C4-63531E2BF87E}.Release|Any CPU.ActiveCfg = Release|Any CPU
		{394BAB08-076A-4290-92C4-63531E2BF87E}.Release|Any CPU.Build.0 = Release|Any CPU
		{9EFCB775-B429-4EF3-9813-B9539D94A230}.Debug|Any CPU.ActiveCfg = Debug|Any CPU
		{9EFCB775-B429-4EF3-9813-B9539D94A230}.Debug|Any CPU.Build.0 = Debug|Any CPU
		{9EFCB775-B429-4EF3-9813-B9539D94A230}.Release|Any CPU.ActiveCfg = Release|Any CPU
		{9EFCB775-B429-4EF3-9813-B9539D94A230}.Release|Any CPU.Build.0 = Release|Any CPU
		{0451BAEF-DF2E-4B98-8644-94EE9415E389}.Debug|Any CPU.ActiveCfg = Debug|Any CPU
		{0451BAEF-DF2E-4B98-8644-94EE9415E389}.Release|Any CPU.ActiveCfg = Release|Any CPU
		{BD1DE502-8AA8-4041-971F-2D313E06609B}.Debug|Any CPU.ActiveCfg = Debug|Any CPU
		{BD1DE502-8AA8-4041-971F-2D313E06609B}.Debug|Any CPU.Build.0 = Debug|Any CPU
		{BD1DE502-8AA8-4041-971F-2D313E06609B}.Release|Any CPU.ActiveCfg = Release|Any CPU
		{BD1DE502-8AA8-4041-971F-2D313E06609B}.Release|Any CPU.Build.0 = Release|Any CPU
	EndGlobalSection
	GlobalSection(SolutionProperties) = preSolution
		HideSolutionNode = FALSE
	EndGlobalSection
	GlobalSection(NestedProjects) = preSolution
		{0451BAEF-DF2E-4B98-8644-94EE9415E389} = {47E5B368-4238-4B16-9798-5AF5A094A987}
	EndGlobalSection
	GlobalSection(TestCaseManagementSettings) = postSolution
		CategoryFile = LinqStatistics.vsmdi
	EndGlobalSection
EndGlobal
