Microsoft Visual Studio Solution File, Format Version 12.00
# Visual Studio Version 17
VisualStudioVersion = 17.9.34714.143
MinimumVisualStudioVersion = 10.0.40219.1
Project("{2150E333-8FDC-42A3-9474-1A3956D46DE8}") = "Solution Items", "Solution Items", "{699EEBB0-156D-483E-A05A-FAF990B0BE36}"
	ProjectSection(SolutionItems) = preProject
		.editorconfig = .editorconfig
	EndProjectSection
EndProject
Project("{9A19103F-16F7-4668-BE54-9A1E7A4F7556}") = "LinqStatistics", "LinqStatistics\LinqStatistics.csproj", "{FA474C99-3F49-493F-8F18-D0EE98961595}"
EndProject
Project("{9A19103F-16F7-4668-BE54-9A1E7A4F7556}") = "LinqStatisticsTests", "LinqStatisticsTests\LinqStatisticsTests.csproj", "{394BAB08-076A-4290-92C4-63531E2BF87E}"
EndProject
Global
	GlobalSection(SolutionConfigurationPlatforms) = preSolution
		Debug|Any CPU = Debug|Any CPU
		Release|Any CPU = Release|Any CPU
	EndGlobalSection
	GlobalSection(ProjectConfigurationPlatforms) = postSolution
		{FA474C99-3F49-493F-8F18-D0EE98961595}.Debug|Any CPU.ActiveCfg = Debug|Any CPU
		{FA474C99-3F49-493F-8F18-D0EE98961595}.Debug|Any CPU.Build.0 = Debug|Any CPU
		{FA474C99-3F49-493F-8F18-D0EE98961595}.Release|Any CPU.ActiveCfg = Release|Any CPU
		{FA474C99-3F49-493F-8F18-D0EE98961595}.Release|Any CPU.Build.0 = Release|Any CPU
		{394BAB08-076A-4290-92C4-63531E2BF87E}.Debug|Any CPU.ActiveCfg = Debug|Any CPU
		{394BAB08-076A-4290-92C4-63531E2BF87E}.Debug|Any CPU.Build.0 = Debug|Any CPU
		{394BAB08-076A-4290-92C4-63531E2BF87E}.Release|Any CPU.ActiveCfg = Release|Any CPU
		{394BAB08-076A-4290-92C4-63531E2BF87E}.Release|Any CPU.Build.0 = Release|Any CPU
	EndGlobalSection
	GlobalSection(SolutionProperties) = preSolution
		HideSolutionNode = FALSE
	EndGlobalSection
	GlobalSection(ExtensibilityGlobals) = postSolution
		SolutionGuid = {9E4791CA-0CD0-4C10-B8B7-C43CD5A84332}
	EndGlobalSection
	GlobalSection(TestCaseManagementSettings) = postSolution
		CategoryFile = LinqStatistics.vsmdi
	EndGlobalSection
EndGlobal
